{
  "nodes": {
    "Nginx-Fancyindex-Theme": {
      "flake": false,
      "locked": {
        "lastModified": 1663359405,
        "narHash": "sha256-BFXmTwKcgX94+0wH5x77c9sEP6h9JR73WGY5gp5cyGQ=",
        "owner": "Naereen",
        "repo": "Nginx-Fancyindex-Theme",
        "rev": "32d124a0885a7a4409c2dc557c9b1d4bcf836dd5",
        "type": "github"
      },
      "original": {
        "owner": "Naereen",
        "repo": "Nginx-Fancyindex-Theme",
        "type": "github"
      }
    },
    "chn-cidr-list": {
      "flake": false,
      "locked": {
        "lastModified": 1670036760,
        "narHash": "sha256-MmO9b8HS0sfS0dqyg96Haa0hu9E6gr/0ONxgcmtNh74=",
        "owner": "fernvenue",
        "repo": "chn-cidr-list",
        "rev": "6923f44b7483c8d7767b9159176f2a71dd4aacb6",
        "type": "github"
      },
      "original": {
        "owner": "fernvenue",
        "repo": "chn-cidr-list",
        "type": "github"
      }
    },
    "dnsmasq-china-list": {
      "flake": false,
      "locked": {
        "lastModified": 1669912389,
        "narHash": "sha256-ZHPlMckz8sAfG5rYyyK19ay4yNd9Zi++SACYE8oDlT0=",
        "owner": "felixonmars",
        "repo": "dnsmasq-china-list",
        "rev": "07aa4d5eff63a0719401d749267ad343916e7916",
        "type": "github"
      },
      "original": {
        "owner": "felixonmars",
        "repo": "dnsmasq-china-list",
        "type": "github"
      }
    },
    "flake-utils": {
      "locked": {
        "lastModified": 1638122382,
        "narHash": "sha256-sQzZzAbvKEqN9s0bzWuYmRaA03v40gaJ4+iL1LXjaeI=",
        "owner": "numtide",
        "repo": "flake-utils",
        "rev": "74f7e4319258e287b0f9cb95426c9853b282730b",
        "type": "github"
      },
      "original": {
        "owner": "numtide",
        "repo": "flake-utils",
        "type": "github"
      }
    },
    "home-manager": {
      "inputs": {
        "nixpkgs": [
          "nixpkgs"
        ],
        "utils": "utils"
      },
      "locked": {
        "lastModified": 1669978198,
        "narHash": "sha256-U8sZFwIIDFm9w/Kx58sYrIsWpuQUKmkcQmdBkuQ+gkE=",
        "owner": "nix-community",
        "repo": "home-manager",
        "rev": "71fa4cdf9cd89a3e0d452439b6a2f7f01d6292e9",
        "type": "github"
      },
      "original": {
        "owner": "nix-community",
        "repo": "home-manager",
        "type": "github"
      }
    },
    "nixos-cn": {
      "inputs": {
        "flake-utils": "flake-utils",
        "nixpkgs": [
          "nixpkgs"
        ]
      },
      "locked": {
        "lastModified": 1670031513,
        "narHash": "sha256-bVlF88uyU30LvQAQd3QCAh5n7K89Vc/J5xukSqLqi2c=",
        "owner": "nixos-cn",
        "repo": "flakes",
        "rev": "d135072b13ffd7177540a864a5f9f36a37012751",
        "type": "github"
      },
      "original": {
        "owner": "nixos-cn",
        "repo": "flakes",
        "type": "github"
      }
    },
    "nixpkgs": {
      "locked": {
        "lastModified": 1670054270,
        "narHash": "sha256-+309Q+u1M/W/iRBfmzkcriWxkGYKeM7otEIeEfumoVk=",
        "owner": "duament",
        "repo": "nixpkgs",
        "rev": "90954b90dbc0d41b247d864e475ecf2ec902559c",
        "type": "github"
      },
      "original": {
        "owner": "duament",
        "ref": "nixos-unstable",
        "repo": "nixpkgs",
        "type": "github"
      }
    },
    "root": {
      "inputs": {
        "Nginx-Fancyindex-Theme": "Nginx-Fancyindex-Theme",
        "chn-cidr-list": "chn-cidr-list",
        "dnsmasq-china-list": "dnsmasq-china-list",
        "home-manager": "home-manager",
        "nixos-cn": "nixos-cn",
        "nixpkgs": "nixpkgs",
        "sops-nix": "sops-nix"
      }
    },
    "sops-nix": {
      "inputs": {
        "nixpkgs": [
          "nixpkgs"
        ],
        "nixpkgs-22_05": [
          "nixpkgs"
        ]
      },
      "locked": {
        "lastModified": 1669714206,
        "narHash": "sha256-9aiMbzRL8REsyi9U0eZ+lT4s7HaILA1gh9n2apKzLxU=",
        "owner": "Mic92",
        "repo": "sops-nix",
        "rev": "8295b8139ef7baadeb90c5cad7a40c4c9297ebf7",
        "type": "github"
      },
      "original": {
        "owner": "Mic92",
        "repo": "sops-nix",
        "type": "github"
      }
    },
    "utils": {
      "locked": {
        "lastModified": 1667395993,
        "narHash": "sha256-nuEHfE/LcWyuSWnS8t12N1wc105Qtau+/OdUAjtQ0rA=",
        "owner": "numtide",
        "repo": "flake-utils",
        "rev": "5aed5285a952e0b949eb3ba02c12fa4fcfef535f",
        "type": "github"
      },
      "original": {
        "owner": "numtide",
        "repo": "flake-utils",
        "type": "github"
      }
    }
  },
  "root": "root",
  "version": 7
}
