{
  "nodes": {
    "chn-cidr-list": {
      "flake": false,
      "locked": {
        "lastModified": 1681268523,
        "narHash": "sha256-cHbaYNsGlZlJIpA5Mp9YRlohsW393CSKrGAatgNgbzw=",
        "owner": "fernvenue",
        "repo": "chn-cidr-list",
        "rev": "65cd4a6843478a193868d7bc07c49d4a785318f1",
        "type": "github"
      },
      "original": {
        "owner": "fernvenue",
        "repo": "chn-cidr-list",
        "type": "github"
      }
    },
    "dnsmasq-china-list": {
      "flake": false,
      "locked": {
        "lastModified": 1681236367,
        "narHash": "sha256-1O4BfjCHQZAZX0ZT2F+gqwblpTv4ikYQXclhyD3GfY0=",
        "owner": "felixonmars",
        "repo": "dnsmasq-china-list",
        "rev": "4692f19bc8c0cab0c0d3d22337b69459039dcf86",
        "type": "github"
      },
      "original": {
        "owner": "felixonmars",
        "repo": "dnsmasq-china-list",
        "type": "github"
      }
    },
    "flake-utils": {
      "inputs": {
        "systems": "systems"
      },
      "locked": {
        "lastModified": 1681202837,
        "narHash": "sha256-H+Rh19JDwRtpVPAWp64F+rlEtxUWBAQW28eAi3SRSzg=",
        "owner": "numtide",
        "repo": "flake-utils",
        "rev": "cfacdce06f30d2b68473a46042957675eebb3401",
        "type": "github"
      },
      "original": {
        "owner": "numtide",
        "repo": "flake-utils",
        "type": "github"
      }
    },
    "home-manager": {
      "inputs": {
        "nixpkgs": [
          "nixpkgs"
        ],
        "utils": [
          "flake-utils"
        ]
      },
      "locked": {
        "lastModified": 1681250798,
        "narHash": "sha256-fQMROyKzPFBPqJy9J4ffywm02ZuqAI0GW1O1QibVpdQ=",
        "owner": "nix-community",
        "repo": "home-manager",
        "rev": "28698126bd825aff21cae9ffd15cf83e169051b0",
        "type": "github"
      },
      "original": {
        "owner": "nix-community",
        "repo": "home-manager",
        "type": "github"
      }
    },
    "impermanence": {
      "locked": {
        "lastModified": 1675359654,
        "narHash": "sha256-FPxzuvJkcO49g4zkWLSeuZkln54bLoTtrggZDJBH90I=",
        "owner": "nix-community",
        "repo": "impermanence",
        "rev": "6138eb8e737bffabd4c8fc78ae015d4fd6a7e2fd",
        "type": "github"
      },
      "original": {
        "owner": "nix-community",
        "repo": "impermanence",
        "type": "github"
      }
    },
    "nixpkgs": {
      "locked": {
        "lastModified": 1681269027,
        "narHash": "sha256-VW5plK/ubT+Eu2yPIJZN3t6VA15c8iiiLlWADvPvIo0=",
        "owner": "duament",
        "repo": "nixpkgs",
        "rev": "8d4aed7f7fa8e8b2357aa3c986078a2a4bdb5e0a",
        "type": "github"
      },
      "original": {
        "owner": "duament",
        "ref": "nixos-unstable",
        "repo": "nixpkgs",
        "type": "github"
      }
    },
    "root": {
      "inputs": {
        "chn-cidr-list": "chn-cidr-list",
        "dnsmasq-china-list": "dnsmasq-china-list",
        "flake-utils": "flake-utils",
        "home-manager": "home-manager",
        "impermanence": "impermanence",
        "nixpkgs": "nixpkgs",
        "sops-nix": "sops-nix"
      }
    },
    "sops-nix": {
      "inputs": {
        "nixpkgs": [
          "nixpkgs"
        ],
        "nixpkgs-stable": [
          "nixpkgs"
        ]
      },
      "locked": {
        "lastModified": 1681209176,
        "narHash": "sha256-wyQokPpkNZnsl/bVf8m1428tfA0hJ0w/qexq4EizhTc=",
        "owner": "Mic92",
        "repo": "sops-nix",
        "rev": "00d5fd73756d424de5263b92235563bc06f2c6e1",
        "type": "github"
      },
      "original": {
        "owner": "Mic92",
        "repo": "sops-nix",
        "type": "github"
      }
    },
    "systems": {
      "locked": {
        "lastModified": 1681028828,
        "narHash": "sha256-Vy1rq5AaRuLzOxct8nz4T6wlgyUR7zLU309k9mBC768=",
        "owner": "nix-systems",
        "repo": "default",
        "rev": "da67096a3b9bf56a91d16901293e51ba5b49a27e",
        "type": "github"
      },
      "original": {
        "owner": "nix-systems",
        "repo": "default",
        "type": "github"
      }
    }
  },
  "root": "root",
  "version": 7
}
